// !$*UTF8*$!
{
	archiveVersion = 1;
	classes = {
	};
	objectVersion = 46;
	objects = {

/* Begin PBXBuildFile section */
		3B0D19C91CE244DB0095836E /* main.m in Sources */ = {isa = PBXBuildFile; fileRef = 3B0D19C81CE244DB0095836E /* main.m */; };
		3B0D19D71CE244DB0095836E /* LaunchScreen.xib in Resources */ = {isa = PBXBuildFile; fileRef = 3B0D19D51CE244DB0095836E /* LaunchScreen.xib */; };
		3B0D19E31CE244DC0095836E /* YPTests.m in Sources */ = {isa = PBXBuildFile; fileRef = 3B0D19E21CE244DC0095836E /* YPTests.m */; };
		3B0D19ED1CE244ED0095836E /* Main.storyboard in Resources */ = {isa = PBXBuildFile; fileRef = 3B0D19EC1CE244ED0095836E /* Main.storyboard */; };
		3B0D19EF1CE245120095836E /* images.xcassets in Resources */ = {isa = PBXBuildFile; fileRef = 3B0D19EE1CE245120095836E /* images.xcassets */; };
		3B0D19F21CE245360095836E /* JGAppDelegate.m in Sources */ = {isa = PBXBuildFile; fileRef = 3B0D19F11CE245360095836E /* JGAppDelegate.m */; };
		3B0D19F51CE2453D0095836E /* JGViewController.m in Sources */ = {isa = PBXBuildFile; fileRef = 3B0D19F41CE2453D0095836E /* JGViewController.m */; };
/* End PBXBuildFile section */

/* Begin PBXContainerItemProxy section */
		3B0D19DD1CE244DC0095836E /* PBXContainerItemProxy */ = {
			isa = PBXContainerItemProxy;
			containerPortal = 3B0D19BB1CE244DB0095836E /* Project object */;
			proxyType = 1;
			remoteGlobalIDString = 3B0D19C21CE244DB0095836E;
			remoteInfo = YP;
		};
/* End PBXContainerItemProxy section */

/* Begin PBXFileReference section */
		3B0D19C31CE244DB0095836E /* YP.app */ = {isa = PBXFileReference; explicitFileType = wrapper.application; includeInIndex = 0; path = YP.app; sourceTree = BUILT_PRODUCTS_DIR; };
		3B0D19C71CE244DB0095836E /* Info.plist */ = {isa = PBXFileReference; lastKnownFileType = text.plist.xml; path = Info.plist; sourceTree = "<group>"; };
		3B0D19C81CE244DB0095836E /* main.m */ = {isa = PBXFileReference; lastKnownFileType = sourcecode.c.objc; path = main.m; sourceTree = "<group>"; };
		3B0D19D61CE244DB0095836E /* Base */ = {isa = PBXFileReference; lastKnownFileType = file.xib; name = Base; path = Base.lproj/LaunchScreen.xib; sourceTree = "<group>"; };
		3B0D19DC1CE244DC0095836E /* YPTests.xctest */ = {isa = PBXFileReference; explicitFileType = wrapper.cfbundle; includeInIndex = 0; path = YPTests.xctest; sourceTree = BUILT_PRODUCTS_DIR; };
		3B0D19E11CE244DC0095836E /* Info.plist */ = {isa = PBXFileReference; lastKnownFileType = text.plist.xml; path = Info.plist; sourceTree = "<group>"; };
		3B0D19E21CE244DC0095836E /* YPTests.m */ = {isa = PBXFileReference; lastKnownFileType = sourcecode.c.objc; path = YPTests.m; sourceTree = "<group>"; };
		3B0D19EC1CE244ED0095836E /* Main.storyboard */ = {isa = PBXFileReference; fileEncoding = 4; lastKnownFileType = file.storyboard; path = Main.storyboard; sourceTree = "<group>"; };
		3B0D19EE1CE245120095836E /* images.xcassets */ = {isa = PBXFileReference; lastKnownFileType = folder.assetcatalog; path = images.xcassets; sourceTree = "<group>"; };
		3B0D19F01CE245360095836E /* JGAppDelegate.h */ = {isa = PBXFileReference; fileEncoding = 4; lastKnownFileType = sourcecode.c.h; path = JGAppDelegate.h; sourceTree = "<group>"; };
		3B0D19F11CE245360095836E /* JGAppDelegate.m */ = {isa = PBXFileReference; fileEncoding = 4; lastKnownFileType = sourcecode.c.objc; path = JGAppDelegate.m; sourceTree = "<group>"; };
		3B0D19F31CE2453D0095836E /* JGViewController.h */ = {isa = PBXFileReference; fileEncoding = 4; lastKnownFileType = sourcecode.c.h; path = JGViewController.h; sourceTree = "<group>"; };
		3B0D19F41CE2453D0095836E /* JGViewController.m */ = {isa = PBXFileReference; fileEncoding = 4; lastKnownFileType = sourcecode.c.objc; path = JGViewController.m; sourceTree = "<group>"; };
/* End PBXFileReference section */

/* Begin PBXFrameworksBuildPhase section */
		3B0D19C01CE244DB0095836E /* Frameworks */ = {
			isa = PBXFrameworksBuildPhase;
			buildActionMask = 2147483647;
			files = (
			);
			runOnlyForDeploymentPostprocessing = 0;
		};
		3B0D19D91CE244DC0095836E /* Frameworks */ = {
			isa = PBXFrameworksBuildPhase;
			buildActionMask = 2147483647;
			files = (
			);
			runOnlyForDeploymentPostprocessing = 0;
		};
/* End PBXFrameworksBuildPhase section */

/* Begin PBXGroup section */
		3B0D19BA1CE244DB0095836E = {
			isa = PBXGroup;
			children = (
				3B0D19C51CE244DB0095836E /* YP */,
				3B0D19DF1CE244DC0095836E /* YPTests */,
				3B0D19C41CE244DB0095836E /* Products */,
			);
			sourceTree = "<group>";
		};
		3B0D19C41CE244DB0095836E /* Products */ = {
			isa = PBXGroup;
			children = (
				3B0D19C31CE244DB0095836E /* YP.app */,
				3B0D19DC1CE244DC0095836E /* YPTests.xctest */,
			);
			name = Products;
			sourceTree = "<group>";
		};
		3B0D19C51CE244DB0095836E /* YP */ = {
			isa = PBXGroup;
			children = (
				3B0D19F01CE245360095836E /* JGAppDelegate.h */,
				3B0D19F11CE245360095836E /* JGAppDelegate.m */,
				3B0D19F31CE2453D0095836E /* JGViewController.h */,
				3B0D19F41CE2453D0095836E /* JGViewController.m */,
				3B0D19EC1CE244ED0095836E /* Main.storyboard */,
				3B0D19EE1CE245120095836E /* images.xcassets */,
				3B0D19D51CE244DB0095836E /* LaunchScreen.xib */,
				3B0D19C61CE244DB0095836E /* Supporting Files */,
			);
			path = YP;
			sourceTree = "<group>";
		};
		3B0D19C61CE244DB0095836E /* Supporting Files */ = {
			isa = PBXGroup;
			children = (
				3B0D19C71CE244DB0095836E /* Info.plist */,
				3B0D19C81CE244DB0095836E /* main.m */,
			);
			name = "Supporting Files";
			sourceTree = "<group>";
		};
		3B0D19DF1CE244DC0095836E /* YPTests */ = {
			isa = PBXGroup;
			children = (
				3B0D19E21CE244DC0095836E /* YPTests.m */,
				3B0D19E01CE244DC0095836E /* Supporting Files */,
			);
			path = YPTests;
			sourceTree = "<group>";
		};
		3B0D19E01CE244DC0095836E /* Supporting Files */ = {
			isa = PBXGroup;
			children = (
				3B0D19E11CE244DC0095836E /* Info.plist */,
			);
			name = "Supporting Files";
			sourceTree = "<group>";
		};
/* End PBXGroup section */

/* Begin PBXNativeTarget section */
		3B0D19C21CE244DB0095836E /* YP */ = {
			isa = PBXNativeTarget;
			buildConfigurationList = 3B0D19E61CE244DC0095836E /* Build configuration list for PBXNativeTarget "YP" */;
			buildPhases = (
				3B0D19BF1CE244DB0095836E /* Sources */,
				3B0D19C01CE244DB0095836E /* Frameworks */,
				3B0D19C11CE244DB0095836E /* Resources */,
			);
			buildRules = (
			);
			dependencies = (
			);
			name = YP;
			productName = YP;
			productReference = 3B0D19C31CE244DB0095836E /* YP.app */;
			productType = "com.apple.product-type.application";
		};
		3B0D19DB1CE244DC0095836E /* YPTests */ = {
			isa = PBXNativeTarget;
			buildConfigurationList = 3B0D19E91CE244DC0095836E /* Build configuration list for PBXNativeTarget "YPTests" */;
			buildPhases = (
				3B0D19D81CE244DC0095836E /* Sources */,
				3B0D19D91CE244DC0095836E /* Frameworks */,
				3B0D19DA1CE244DC0095836E /* Resources */,
			);
			buildRules = (
			);
			dependencies = (
				3B0D19DE1CE244DC0095836E /* PBXTargetDependency */,
			);
			name = YPTests;
			productName = YPTests;
			productReference = 3B0D19DC1CE244DC0095836E /* YPTests.xctest */;
			productType = "com.apple.product-type.bundle.unit-test";
		};
/* End PBXNativeTarget section */

/* Begin PBXProject section */
		3B0D19BB1CE244DB0095836E /* Project object */ = {
			isa = PBXProject;
			attributes = {
				LastUpgradeCheck = 0630;
				ORGANIZATIONNAME = "Jenna Gain";
				TargetAttributes = {
					3B0D19C21CE244DB0095836E = {
						CreatedOnToolsVersion = 6.3.1;
					};
					3B0D19DB1CE244DC0095836E = {
						CreatedOnToolsVersion = 6.3.1;
						TestTargetID = 3B0D19C21CE244DB0095836E;
					};
				};
			};
			buildConfigurationList = 3B0D19BE1CE244DB0095836E /* Build configuration list for PBXProject "YP" */;
			compatibilityVersion = "Xcode 3.2";
			developmentRegion = English;
			hasScannedForEncodings = 0;
			knownRegions = (
				en,
				Base,
			);
			mainGroup = 3B0D19BA1CE244DB0095836E;
			productRefGroup = 3B0D19C41CE244DB0095836E /* Products */;
			projectDirPath = "";
			projectRoot = "";
			targets = (
				3B0D19C21CE244DB0095836E /* YP */,
				3B0D19DB1CE244DC0095836E /* YPTests */,
			);
		};
/* End PBXProject section */

/* Begin PBXResourcesBuildPhase section */
		3B0D19C11CE244DB0095836E /* Resources */ = {
			isa = PBXResourcesBuildPhase;
			buildActionMask = 2147483647;
			files = (
				3B0D19D71CE244DB0095836E /* LaunchScreen.xib in Resources */,
				3B0D19EF1CE245120095836E /* images.xcassets in Resources */,
				3B0D19ED1CE244ED0095836E /* Main.storyboard in Resources */,
			);
			runOnlyForDeploymentPostprocessing = 0;
		};
		3B0D19DA1CE244DC0095836E /* Resources */ = {
			isa = PBXResourcesBuildPhase;
			buildActionMask = 2147483647;
			files = (
			);
			runOnlyForDeploymentPostprocessing = 0;
		};
/* End PBXResourcesBuildPhase section */

/* Begin PBXSourcesBuildPhase section */
		3B0D19BF1CE244DB0095836E /* Sources */ = {
			isa = PBXSourcesBuildPhase;
			buildActionMask = 2147483647;
			files = (
				3B0D19C91CE244DB0095836E /* main.m in Sources */,
				3B0D19F51CE2453D0095836E /* JGViewController.m in Sources */,
				3B0D19F21CE245360095836E /* JGAppDelegate.m in Sources */,
			);
			runOnlyForDeploymentPostprocessing = 0;
		};
		3B0D19D81CE244DC0095836E /* Sources */ = {
			isa = PBXSourcesBuildPhase;
			buildActionMask = 2147483647;
			files = (
				3B0D19E31CE244DC0095836E /* YPTests.m in Sources */,
			);
			runOnlyForDeploymentPostprocessing = 0;
		};
/* End PBXSourcesBuildPhase section */

/* Begin PBXTargetDependency section */
		3B0D19DE1CE244DC0095836E /* PBXTargetDependency */ = {
			isa = PBXTargetDependency;
			target = 3B0D19C21CE244DB0095836E /* YP */;
			targetProxy = 3B0D19DD1CE244DC0095836E /* PBXContainerItemProxy */;
		};
/* End PBXTargetDependency section */

/* Begin PBXVariantGroup section */
		3B0D19D51CE244DB0095836E /* LaunchScreen.xib */ = {
			isa = PBXVariantGroup;
			children = (
				3B0D19D61CE244DB0095836E /* Base */,
			);
			name = LaunchScreen.xib;
			sourceTree = "<group>";
		};
/* End PBXVariantGroup section */

/* Begin XCBuildConfiguration section */
		3B0D19E41CE244DC0095836E /* Debug */ = {
			isa = XCBuildConfiguration;
			buildSettings = {
				ALWAYS_SEARCH_USER_PATHS = NO;
				CLANG_CXX_LANGUAGE_STANDARD = "gnu++0x";
				CLANG_CXX_LIBRARY = "libc++";
				CLANG_ENABLE_MODULES = YES;
				CLANG_ENABLE_OBJC_ARC = YES;
				CLANG_WARN_BOOL_CONVERSION = YES;
				CLANG_WARN_CONSTANT_CONVERSION = YES;
				CLANG_WARN_DIRECT_OBJC_ISA_USAGE = YES_ERROR;
				CLANG_WARN_EMPTY_BODY = YES;
				CLANG_WARN_ENUM_CONVERSION = YES;
				CLANG_WARN_INT_CONVERSION = YES;
				CLANG_WARN_OBJC_ROOT_CLASS = YES_ERROR;
				CLANG_WARN_UNREACHABLE_CODE = YES;
				CLANG_WARN__DUPLICATE_METHOD_MATCH = YES;
				"CODE_SIGN_IDENTITY[sdk=iphoneos*]" = "iPhone Developer";
				COPY_PHASE_STRIP = NO;
				DEBUG_INFORMATION_FORMAT = "dwarf-with-dsym";
				ENABLE_STRICT_OBJC_MSGSEND = YES;
				GCC_C_LANGUAGE_STANDARD = gnu99;
				GCC_DYNAMIC_NO_PIC = NO;
				GCC_NO_COMMON_BLOCKS = YES;
				GCC_OPTIMIZATION_LEVEL = 0;
				GCC_PREPROCESSOR_DEFINITIONS = (
					"DEBUG=1",
					"$(inherited)",
				);
				GCC_SYMBOLS_PRIVATE_EXTERN = NO;
				GCC_WARN_64_TO_32_BIT_CONVERSION = YES;
				GCC_WARN_ABOUT_RETURN_TYPE = YES_ERROR;
				GCC_WARN_UNDECLARED_SELECTOR = YES;
				GCC_WARN_UNINITIALIZED_AUTOS = YES_AGGRESSIVE;
				GCC_WARN_UNUSED_FUNCTION = YES;
				GCC_WARN_UNUSED_VARIABLE = YES;
				IPHONEOS_DEPLOYMENT_TARGET = 8.3;
				MTL_ENABLE_DEBUG_INFO = YES;
				ONLY_ACTIVE_ARCH = YES;
				SDKROOT = iphoneos;
				TARGETED_DEVICE_FAMILY = "1,2";
			};
			name = Debug;
		};
		3B0D19E51CE244DC0095836E /* Release */ = {
			isa = XCBuildConfiguration;
			buildSettings = {
				ALWAYS_SEARCH_USER_PATHS = NO;
				CLANG_CXX_LANGUAGE_STANDARD = "gnu++0x";
				CLANG_CXX_LIBRARY = "libc++";
				CLANG_ENABLE_MODULES = YES;
				CLANG_ENABLE_OBJC_ARC = YES;
				CLANG_WARN_BOOL_CONVERSION = YES;
				CLANG_WARN_CONSTANT_CONVERSION = YES;
				CLANG_WARN_DIRECT_OBJC_ISA_USAGE = YES_ERROR;
				CLANG_WARN_EMPTY_BODY = YES;
				CLANG_WARN_ENUM_CONVERSION = YES;
				CLANG_WARN_INT_CONVERSION = YES;
				CLANG_WARN_OBJC_ROOT_CLASS = YES_ERROR;
				CLANG_WARN_UNREACHABLE_CODE = YES;
				CLANG_WARN__DUPLICATE_METHOD_MATCH = YES;
				"CODE_SIGN_IDENTITY[sdk=iphoneos*]" = "iPhone Developer";
				COPY_PHASE_STRIP = NO;
				DEBUG_INFORMATION_FORMAT = "dwarf-with-dsym";
				ENABLE_NS_ASSERTIONS = NO;
				ENABLE_STRICT_OBJC_MSGSEND = YES;
				GCC_C_LANGUAGE_STANDARD = gnu99;
				GCC_NO_COMMON_BLOCKS = YES;
				GCC_WARN_64_TO_32_BIT_CONVERSION = YES;
				GCC_WARN_ABOUT_RETURN_TYPE = YES_ERROR;
				GCC_WARN_UNDECLARED_SELECTOR = YES;
				GCC_WARN_UNINITIALIZED_AUTOS = YES_AGGRESSIVE;
				GCC_WARN_UNUSED_FUNCTION = YES;
				GCC_WARN_UNUSED_VARIABLE = YES;
				IPHONEOS_DEPLOYMENT_TARGET = 8.3;
				MTL_ENABLE_DEBUG_INFO = NO;
				SDKROOT = iphoneos;
				TARGETED_DEVICE_FAMILY = "1,2";
				VALIDATE_PRODUCT = YES;
			};
			name = Release;
		};
		3B0D19E71CE244DC0095836E /* Debug */ = {
			isa = XCBuildConfiguration;
			buildSettings = {
				ASSETCATALOG_COMPILER_APPICON_NAME = AppIcon;
				INFOPLIST_FILE = YP/Info.plist;
				LD_RUNPATH_SEARCH_PATHS = "$(inherited) @executable_path/Frameworks";
				PRODUCT_NAME = "$(TARGET_NAME)";
			};
			name = Debug;
		};
		3B0D19E81CE244DC0095836E /* Release */ = {
			isa = XCBuildConfiguration;
			buildSettings = {
				ASSETCATALOG_COMPILER_APPICON_NAME = AppIcon;
				INFOPLIST_FILE = YP/Info.plist;
				LD_RUNPATH_SEARCH_PATHS = "$(inherited) @executable_path/Frameworks";
				PRODUCT_NAME = "$(TARGET_NAME)";
			};
			name = Release;
		};
		3B0D19EA1CE244DC0095836E /* Debug */ = {
			isa = XCBuildConfiguration;
			buildSettings = {
				BUNDLE_LOADER = "$(TEST_HOST)";
				FRAMEWORK_SEARCH_PATHS = (
					"$(SDKROOT)/Developer/Library/Frameworks",
					"$(inherited)",
				);
				GCC_PREPROCESSOR_DEFINITIONS = (
					"DEBUG=1",
					"$(inherited)",
				);
				INFOPLIST_FILE = YPTests/Info.plist;
				LD_RUNPATH_SEARCH_PATHS = "$(inherited) @executable_path/Frameworks @loader_path/Frameworks";
				PRODUCT_NAME = "$(TARGET_NAME)";
				TEST_HOST = "$(BUILT_PRODUCTS_DIR)/YP.app/YP";
			};
			name = Debug;
		};
		3B0D19EB1CE244DC0095836E /* Release */ = {
			isa = XCBuildConfiguration;
			buildSettings = {
				BUNDLE_LOADER = "$(TEST_HOST)";
				FRAMEWORK_SEARCH_PATHS = (
					"$(SDKROOT)/Developer/Library/Frameworks",
					"$(inherited)",
				);
				INFOPLIST_FILE = YPTests/Info.plist;
				LD_RUNPATH_SEARCH_PATHS = "$(inherited) @executable_path/Frameworks @loader_path/Frameworks";
				PRODUCT_NAME = "$(TARGET_NAME)";
				TEST_HOST = "$(BUILT_PRODUCTS_DIR)/YP.app/YP";
			};
			name = Release;
		};
/* End XCBuildConfiguration section */

/* Begin XCConfigurationList section */
		3B0D19BE1CE244DB0095836E /* Build configuration list for PBXProject "YP" */ = {
			isa = XCConfigurationList;
			buildConfigurations = (
				3B0D19E41CE244DC0095836E /* Debug */,
				3B0D19E51CE244DC0095836E /* Release */,
			);
			defaultConfigurationIsVisible = 0;
			defaultConfigurationName = Release;
		};
		3B0D19E61CE244DC0095836E /* Build configuration list for PBXNativeTarget "YP" */ = {
			isa = XCConfigurationList;
			buildConfigurations = (
				3B0D19E71CE244DC0095836E /* Debug */,
				3B0D19E81CE244DC0095836E /* Release */,
			);
			defaultConfigurationIsVisible = 0;
		};
		3B0D19E91CE244DC0095836E /* Build configuration list for PBXNativeTarget "YPTests" */ = {
			isa = XCConfigurationList;
			buildConfigurations = (
				3B0D19EA1CE244DC0095836E /* Debug */,
				3B0D19EB1CE244DC0095836E /* Release */,
			);
			defaultConfigurationIsVisible = 0;
		};
/* End XCConfigurationList section */
	};
	rootObject = 3B0D19BB1CE244DB0095836E /* Project object */;
}
